
Microsoft Visual Studio Solution File, Format Version 12.00
# Visual Studio Version 16
VisualStudioVersion = 16.0.30907.101
MinimumVisualStudioVersion = 10.0.40219.1
Project("{FAE04EC0-301F-11D3-BF4B-00C04F79EFBC}") = "Helloworld", "Helloworld.csproj", "{32DE435D-8144-43D1-BD94-198C51091A31}"
EndProject
Global
	GlobalSection(SolutionConfigurationPlatforms) = preSolution
		Debug|Any CPU = Debug|Any CPU
		Release|Any CPU = Release|Any CPU
	EndGlobalSection
	GlobalSection(ProjectConfigurationPlatforms) = postSolution
		{32DE435D-8144-43D1-BD94-198C51091A31}.Debug|Any CPU.ActiveCfg = Debug|Any CPU
		{32DE435D-8144-43D1-BD94-198C51091A31}.Debug|Any CPU.Build.0 = Debug|Any CPU
		{32DE435D-8144-43D1-BD94-198C51091A31}.Release|Any CPU.ActiveCfg = Release|Any CPU
		{32DE435D-8144-43D1-BD94-198C51091A31}.Release|Any CPU.Build.0 = Release|Any CPU
	EndGlobalSection
	GlobalSection(SolutionProperties) = preSolution
		HideSolutionNode = FALSE
	EndGlobalSection
	GlobalSection(ExtensibilityGlobals) = postSolution
		SolutionGuid = {F098E506-551B-4D23-9092-C84797017370}
	EndGlobalSection
EndGlobal
